
Microsoft Visual Studio Solution File, Format Version 12.00
# Visual Studio Version 17
VisualStudioVersion = 17.4.33110.190
MinimumVisualStudioVersion = 10.0.40219.1
Project("{FAE04EC0-301F-11D3-BF4B-00C04F79EFBC}") = "NoteTakingapp", "NoteTakingapp\NoteTakingapp.csproj", "{5F273939-AF66-479C-AC43-6874803B1FBE}"
EndProject
Global
	GlobalSection(SolutionConfigurationPlatforms) = preSolution
		Debug|Any CPU = Debug|Any CPU
		Release|Any CPU = Release|Any CPU
	EndGlobalSection
	GlobalSection(ProjectConfigurationPlatforms) = postSolution
		{5F273939-AF66-479C-AC43-6874803B1FBE}.Debug|Any CPU.ActiveCfg = Debug|Any CPU
		{5F273939-AF66-479C-AC43-6874803B1FBE}.Debug|Any CPU.Build.0 = Debug|Any CPU
		{5F273939-AF66-479C-AC43-6874803B1FBE}.Release|Any CPU.ActiveCfg = Release|Any CPU
		{5F273939-AF66-479C-AC43-6874803B1FBE}.Release|Any CPU.Build.0 = Release|Any CPU
	EndGlobalSection
	GlobalSection(SolutionProperties) = preSolution
		HideSolutionNode = FALSE
	EndGlobalSection
	GlobalSection(ExtensibilityGlobals) = postSolution
		SolutionGuid = {635CC5F9-2BCD-4A94-A854-215371D8E214}
	EndGlobalSection
EndGlobal
